
Microsoft Visual Studio Solution File, Format Version 12.00
# Visual Studio Version 17
VisualStudioVersion = 17.1.32228.430
MinimumVisualStudioVersion = 10.0.40219.1
Project("{FAE04EC0-301F-11D3-BF4B-00C04F79EFBC}") = "HotelManagementWebApp", "HotelManagementWebApp\HotelManagementWebApp.csproj", "{B8740BE5-B286-4333-80C7-78D0163E2972}"
EndProject
Global
	GlobalSection(SolutionConfigurationPlatforms) = preSolution
		Debug|Any CPU = Debug|Any CPU
		Release|Any CPU = Release|Any CPU
	EndGlobalSection
	GlobalSection(ProjectConfigurationPlatforms) = postSolution
		{B8740BE5-B286-4333-80C7-78D0163E2972}.Debug|Any CPU.ActiveCfg = Debug|Any CPU
		{B8740BE5-B286-4333-80C7-78D0163E2972}.Debug|Any CPU.Build.0 = Debug|Any CPU
		{B8740BE5-B286-4333-80C7-78D0163E2972}.Release|Any CPU.ActiveCfg = Release|Any CPU
		{B8740BE5-B286-4333-80C7-78D0163E2972}.Release|Any CPU.Build.0 = Release|Any CPU
	EndGlobalSection
	GlobalSection(SolutionProperties) = preSolution
		HideSolutionNode = FALSE
	EndGlobalSection
	GlobalSection(ExtensibilityGlobals) = postSolution
		SolutionGuid = {52C91C5F-255D-4A99-A025-77E4F4928EF0}
	EndGlobalSection
EndGlobal
